<?xml version="1.0" encoding="utf-8"?>
<Project ToolsVersion="4.0" xmlns="http://schemas.microsoft.com/developer/msbuild/2003">
  <ItemGroup>
    <Filter Include="Source Files">
      <UniqueIdentifier>{4FC737F1-C7A5-4376-A066-2A32D752A2FF}</UniqueIdentifier>
      <Extensions>cpp;c;cc;cxx;c++;cppm;ixx;def;odl;idl;hpj;bat;asm;asmx</Extensions>
    </Filter>
    <Filter Include="Header Files">
      <UniqueIdentifier>{93995380-89BD-4b04-88EB-625FBE52EBFB}</UniqueIdentifier>
      <Extensions>h;hh;hpp;hxx;h++;hm;inl;inc;ipp;xsd</Extensions>
    </Filter>
    <Filter Include="Resource Files">
      <UniqueIdentifier>{67DA6AB6-F800-4c08-8B7A-83BB121AAD01}</UniqueIdentifier>
      <Extensions>rc;ico;cur;bmp;dlg;rc2;rct;bin;rgs;gif;jpg;jpeg;jpe;resx;tiff;tif;png;wav;mfcribbon-ms</Extensions>
    </Filter>
    <Filter Include="Source Files\utilities">
      <UniqueIdentifier>{2f57d3e0-3b7d-4995-a23d-a7e821ca5502}</UniqueIdentifier>
    </Filter>
    <Filter Include="Source Files\vr">
      <UniqueIdentifier>{595680b8-2cec-4e4b-8afb-2d897384dce2}</UniqueIdentifier>
    </Filter>
    <Filter Include="Source Files\logging">
      <UniqueIdentifier>{958c9fb5-2fcd-4243-91b9-3c2303539f17}</UniqueIdentifier>
    </Filter>
    <Filter Include="Header Files\dependances">
      <UniqueIdentifier>{df1a508d-d779-4d54-a18a-c2cc642258a9}</UniqueIdentifier>
    </Filter>
    <Filter Include="Source Files\vr\Drivers">
      <UniqueIdentifier>{49f1dc94-48c7-46a2-a493-f5a114164ec1}</UniqueIdentifier>
    </Filter>
    <Filter Include="Source Files\vr\Composants">
      <UniqueIdentifier>{cce61f8b-5abe-4a5b-a662-88960f261659}</UniqueIdentifier>
    </Filter>
    <Filter Include="Source Files\vr\Serveur">
      <UniqueIdentifier>{bfb169d3-6e67-4ecd-a9a6-33dd2ec11202}</UniqueIdentifier>
    </Filter>
    <Filter Include="Source Files\vr\Drivers\pas_important">
      <UniqueIdentifier>{8f01fbef-fed2-4712-b0d9-9f1fddccb4b6}</UniqueIdentifier>
    </Filter>
    <Filter Include="Header Files\IPCPIPE">
      <UniqueIdentifier>{a6ac593f-5192-420f-9b8d-28b01b8c31db}</UniqueIdentifier>
    </Filter>
    <Filter Include="Source Files\IPCPIPE">
      <UniqueIdentifier>{ef28171a-0113-4a5e-a768-89750654983b}</UniqueIdentifier>
    </Filter>
  </ItemGroup>
  <ItemGroup>
    <ClCompile Include="dataObjects.h">
      <Filter>Header Files</Filter>
    </ClCompile>
    <ClCompile Include="driverlog.cpp">
      <Filter>Source Files\logging</Filter>
    </ClCompile>
    <ClCompile Include="maths.cpp">
      <Filter>Source Files\utilities</Filter>
    </ClCompile>
    <ClCompile Include="configLoader.cpp">
      <Filter>Source Files\utilities</Filter>
    </ClCompile>
    <ClCompile Include="DataDispatcher.cpp">
      <Filter>Source Files\utilities</Filter>
    </ClCompile>
    <ClCompile Include="typeConverters.cpp">
      <Filter>Source Files\utilities</Filter>
    </ClCompile>
    <ClCompile Include="stringUtilities.cpp">
      <Filter>Source Files\utilities</Filter>
    </ClCompile>
    <ClCompile Include="ctrlSimServer.cpp">
      <Filter>Source Files\vr\Serveur</Filter>
    </ClCompile>
    <ClCompile Include="component.cpp">
      <Filter>Source Files\vr\Composants</Filter>
    </ClCompile>
    <ClCompile Include="DoMoDriver.cpp">
      <Filter>Source Files\vr\Drivers</Filter>
    </ClCompile>
    <ClCompile Include="Pose.cpp">
      <Filter>Source Files\vr\Drivers</Filter>
    </ClCompile>
    <ClCompile Include="Obsolete.cpp">
      <Filter>Source Files\vr\Drivers\pas_important</Filter>
    </ClCompile>
    <ClCompile Include="InterfaceRequires.cpp">
      <Filter>Source Files\vr\Drivers\pas_important</Filter>
    </ClCompile>
    <ClCompile Include="PropertyUtilities.cpp">
      <Filter>Source Files\vr\Drivers\pas_important</Filter>
    </ClCompile>
    <ClCompile Include="RunFrame.cpp">
      <Filter>Source Files\vr\Drivers</Filter>
    </ClCompile>
    <ClCompile Include="Update.cpp">
      <Filter>Source Files\vr\Composants</Filter>
    </ClCompile>
    <ClCompile Include="Register.cpp">
      <Filter>Source Files\vr\Composants</Filter>
    </ClCompile>
    <ClCompile Include="IPCIPE\IPCServer.cpp">
      <Filter>Source Files\IPCPIPE</Filter>
    </ClCompile>
    <ClCompile Include="IPCIPE\utilities.cpp">
      <Filter>Source Files\IPCPIPE</Filter>
    </ClCompile>
    <ClCompile Include="UpdateValues.cpp">
      <Filter>Source Files\vr\Drivers</Filter>
    </ClCompile>
    <ClCompile Include="DeviceLister.cpp">
      <Filter>Source Files\utilities</Filter>
    </ClCompile>
  </ItemGroup>
  <ItemGroup>
    <ClInclude Include="driverlog.h">
      <Filter>Header Files</Filter>
    </ClInclude>
    <ClInclude Include="entry_point.h">
      <Filter>Header Files</Filter>
    </ClInclude>
    <ClInclude Include="VRComponent.h">
      <Filter>Header Files</Filter>
    </ClInclude>
    <ClInclude Include="DataDispatcher.h">
      <Filter>Header Files</Filter>
    </ClInclude>
    <ClInclude Include="includes.hpp">
      <Filter>Header Files\dependances</Filter>
    </ClInclude>
    <ClInclude Include="utilities.h">
      <Filter>Header Files</Filter>
    </ClInclude>
    <ClInclude Include="IPCIPE\IPCServer.h">
      <Filter>Header Files\IPCPIPE</Filter>
    </ClInclude>
    <ClInclude Include="DoMoDriver.h">
      <Filter>Header Files</Filter>
    </ClInclude>
    <ClInclude Include="MathOps.h">
      <Filter>Header Files</Filter>
    </ClInclude>
    <ClInclude Include="controller_sim.h">
      <Filter>Header Files</Filter>
    </ClInclude>
  </ItemGroup>
  <ItemGroup>
    <None Include="..\ressources\controller_sim\bin\win64\driverCfg.dmc">
      <Filter>Resource Files</Filter>
    </None>
    <None Include="..\ressources\controller_sim\bin\win64\driverCfg_old.dmc">
      <Filter>Resource Files</Filter>
    </None>
  </ItemGroup>
</Project>