<?xml version="1.0" encoding="utf-8"?>
<Project ToolsVersion="4.0" xmlns="http://schemas.microsoft.com/developer/msbuild/2003">
  <ItemGroup>
    <Filter Include="Fichiers sources">
      <UniqueIdentifier>{4FC737F1-C7A5-4376-A066-2A32D752A2FF}</UniqueIdentifier>
      <Extensions>cpp;c;cc;cxx;c++;cppm;ixx;def;odl;idl;hpj;bat;asm;asmx</Extensions>
    </Filter>
    <Filter Include="Fichiers d%27en-tête">
      <UniqueIdentifier>{93995380-89BD-4b04-88EB-625FBE52EBFB}</UniqueIdentifier>
      <Extensions>h;hh;hpp;hxx;h++;hm;inl;inc;ipp;xsd</Extensions>
    </Filter>
    <Filter Include="Fichiers de ressources">
      <UniqueIdentifier>{67DA6AB6-F800-4c08-8B7A-83BB121AAD01}</UniqueIdentifier>
      <Extensions>rc;ico;cur;bmp;dlg;rc2;rct;bin;rgs;gif;jpg;jpeg;jpe;resx;tiff;tif;png;wav;mfcribbon-ms</Extensions>
    </Filter>
    <Filter Include="IPCPIPE">
      <UniqueIdentifier>{c68a0130-c363-4530-a7c1-c1c0f91ff2f1}</UniqueIdentifier>
    </Filter>
    <Filter Include="Fichiers sources\main">
      <UniqueIdentifier>{e8e94bcf-ab20-4c1c-8cf6-a30c63cf7877}</UniqueIdentifier>
    </Filter>
    <Filter Include="Fichiers d%27en-tête\components">
      <UniqueIdentifier>{9aeb00d0-3a4c-4fde-9cc7-e1cc0bfa9593}</UniqueIdentifier>
    </Filter>
    <Filter Include="SerialPort">
      <UniqueIdentifier>{9f17eec4-1f02-465f-84f6-0c5d0a089481}</UniqueIdentifier>
    </Filter>
  </ItemGroup>
  <ItemGroup>
    <ClCompile Include="..\IPCPIPE\utilities.cpp">
      <Filter>IPCPIPE</Filter>
    </ClCompile>
    <ClCompile Include="..\IPCPIPE\IPCServer.cpp">
      <Filter>IPCPIPE</Filter>
    </ClCompile>
    <ClCompile Include="main.cpp">
      <Filter>Fichiers sources\main</Filter>
    </ClCompile>
    <ClCompile Include="..\SerialPort\Device.cpp">
      <Filter>SerialPort</Filter>
    </ClCompile>
    <ClCompile Include="..\SerialPort\serialPort.cpp">
      <Filter>SerialPort</Filter>
    </ClCompile>
  </ItemGroup>
  <ItemGroup>
    <ClInclude Include="..\IPCPIPE\IPCServer.h">
      <Filter>IPCPIPE</Filter>
    </ClInclude>
    <ClInclude Include="VRComponent.h">
      <Filter>Fichiers d%27en-tête\components</Filter>
    </ClInclude>
    <ClInclude Include="..\SerialPort\Device.h">
      <Filter>SerialPort</Filter>
    </ClInclude>
    <ClInclude Include="..\SerialPort\serialPort.h">
      <Filter>SerialPort</Filter>
    </ClInclude>
    <ClInclude Include="VRAnalog.h">
      <Filter>Fichiers d%27en-tête\components</Filter>
    </ClInclude>
    <ClInclude Include="VRButton.h">
      <Filter>Fichiers d%27en-tête\components</Filter>
    </ClInclude>
    <ClInclude Include="VRQuaternion.h">
      <Filter>Fichiers d%27en-tête\components</Filter>
    </ClInclude>
    <ClInclude Include="VRRelative.h">
      <Filter>Fichiers d%27en-tête\components</Filter>
    </ClInclude>
  </ItemGroup>
</Project>