<?xml version="1.0" encoding="utf-8"?>
<Project ToolsVersion="4.0" xmlns="http://schemas.microsoft.com/developer/msbuild/2003">
  <ItemGroup>
    <Filter Include="Fichiers sources">
      <UniqueIdentifier>{4FC737F1-C7A5-4376-A066-2A32D752A2FF}</UniqueIdentifier>
      <Extensions>cpp;c;cc;cxx;c++;cppm;ixx;def;odl;idl;hpj;bat;asm;asmx</Extensions>
    </Filter>
    <Filter Include="Fichiers d%27en-tête">
      <UniqueIdentifier>{93995380-89BD-4b04-88EB-625FBE52EBFB}</UniqueIdentifier>
      <Extensions>h;hh;hpp;hxx;h++;hm;inl;inc;ipp;xsd</Extensions>
    </Filter>
    <Filter Include="Fichiers de ressources">
      <UniqueIdentifier>{67DA6AB6-F800-4c08-8B7A-83BB121AAD01}</UniqueIdentifier>
      <Extensions>rc;ico;cur;bmp;dlg;rc2;rct;bin;rgs;gif;jpg;jpeg;jpe;resx;tiff;tif;png;wav;mfcribbon-ms</Extensions>
    </Filter>
    <Filter Include="IPCPIPE">
      <UniqueIdentifier>{c68a0130-c363-4530-a7c1-c1c0f91ff2f1}</UniqueIdentifier>
    </Filter>
    <Filter Include="Fichiers sources\main">
      <UniqueIdentifier>{e8e94bcf-ab20-4c1c-8cf6-a30c63cf7877}</UniqueIdentifier>
    </Filter>
    <Filter Include="Fichiers d%27en-tête\components">
      <UniqueIdentifier>{9aeb00d0-3a4c-4fde-9cc7-e1cc0bfa9593}</UniqueIdentifier>
    </Filter>
    <Filter Include="SerialPort">
      <UniqueIdentifier>{9f17eec4-1f02-465f-84f6-0c5d0a089481}</UniqueIdentifier>
    </Filter>
    <Filter Include="Fichiers d%27en-tête\external">
      <UniqueIdentifier>{5053b429-41b6-433c-a1cb-ef0117f87ae9}</UniqueIdentifier>
    </Filter>
    <Filter Include="Fichiers d%27en-tête\devices">
      <UniqueIdentifier>{b5f75aeb-3649-4bd7-9047-8326d246fa1c}</UniqueIdentifier>
    </Filter>
    <Filter Include="Fichiers sources\components">
      <UniqueIdentifier>{4e0d341d-b729-4e8a-b759-d405e436eb79}</UniqueIdentifier>
    </Filter>
    <Filter Include="Fichiers d%27en-tête\managers">
      <UniqueIdentifier>{3ca96d69-2ef0-471f-a85d-5c668b5d2976}</UniqueIdentifier>
    </Filter>
    <Filter Include="Fichiers d%27en-tête\components\abstract">
      <UniqueIdentifier>{dac667fc-e74a-468d-99a3-e9b7718d53bc}</UniqueIdentifier>
    </Filter>
    <Filter Include="Fichiers sources\components\abstract">
      <UniqueIdentifier>{1775bc0d-6ff0-4614-b894-0a61d30585e5}</UniqueIdentifier>
    </Filter>
    <Filter Include="Fichiers d%27en-tête\components\static">
      <UniqueIdentifier>{fa2f2ec1-8b8b-4e3f-ab5c-9f6c9adadccc}</UniqueIdentifier>
    </Filter>
    <Filter Include="utilities">
      <UniqueIdentifier>{168150a4-9ebf-41d4-946a-8e233adab6fb}</UniqueIdentifier>
    </Filter>
    <Filter Include="Fichiers d%27en-tête\typeutils">
      <UniqueIdentifier>{516b6dad-a1b9-4d57-925f-4023fe9f8af6}</UniqueIdentifier>
    </Filter>
    <Filter Include="Fichiers sources\typeutils">
      <UniqueIdentifier>{639882f1-6476-4646-b8ec-29bb20ceab0b}</UniqueIdentifier>
    </Filter>
    <Filter Include="Fichiers d%27en-tête\components\headers">
      <UniqueIdentifier>{a863ed9e-4069-4088-85ce-ff44444d90b8}</UniqueIdentifier>
    </Filter>
  </ItemGroup>
  <ItemGroup>
    <ClCompile Include="..\IPCPIPE\utilities.cpp">
      <Filter>IPCPIPE</Filter>
    </ClCompile>
    <ClCompile Include="..\IPCPIPE\IPCServer.cpp">
      <Filter>IPCPIPE</Filter>
    </ClCompile>
    <ClCompile Include="main.cpp">
      <Filter>Fichiers sources\main</Filter>
    </ClCompile>
    <ClCompile Include="..\SerialPort\Device.cpp">
      <Filter>SerialPort</Filter>
    </ClCompile>
    <ClCompile Include="..\SerialPort\serialPort.cpp">
      <Filter>SerialPort</Filter>
    </ClCompile>
    <ClCompile Include="VRAnalog.cpp">
      <Filter>Fichiers sources\components</Filter>
    </ClCompile>
    <ClCompile Include="VRRelative.cpp">
      <Filter>Fichiers sources\components</Filter>
    </ClCompile>
    <ClCompile Include="VRBoolean.cpp">
      <Filter>Fichiers sources\components</Filter>
    </ClCompile>
    <ClCompile Include="VRComponent.cpp">
      <Filter>Fichiers sources\components\abstract</Filter>
    </ClCompile>
    <ClCompile Include="VRQuaternion.cpp">
      <Filter>Fichiers sources\components</Filter>
    </ClCompile>
    <ClCompile Include="..\utilities\stringUtilities.cpp">
      <Filter>utilities</Filter>
    </ClCompile>
    <ClCompile Include="ComponentReflector.cpp">
      <Filter>Fichiers sources\typeutils</Filter>
    </ClCompile>
  </ItemGroup>
  <ItemGroup>
    <ClInclude Include="..\IPCPIPE\IPCServer.h">
      <Filter>IPCPIPE</Filter>
    </ClInclude>
    <ClInclude Include="..\SerialPort\Device.h">
      <Filter>SerialPort</Filter>
    </ClInclude>
    <ClInclude Include="..\SerialPort\serialPort.h">
      <Filter>SerialPort</Filter>
    </ClInclude>
    <ClInclude Include="VRAnalog.h">
      <Filter>Fichiers d%27en-tête\components</Filter>
    </ClInclude>
    <ClInclude Include="VRBoolean.h">
      <Filter>Fichiers d%27en-tête\components</Filter>
    </ClInclude>
    <ClInclude Include="VRRelative.h">
      <Filter>Fichiers d%27en-tête\components</Filter>
    </ClInclude>
    <ClInclude Include="includes.h">
      <Filter>Fichiers d%27en-tête\external</Filter>
    </ClInclude>
    <ClInclude Include="VRDevice.h">
      <Filter>Fichiers d%27en-tête\devices</Filter>
    </ClInclude>
    <ClInclude Include="Manager.h">
      <Filter>Fichiers d%27en-tête\managers</Filter>
    </ClInclude>
    <ClInclude Include="VRComponent.h">
      <Filter>Fichiers d%27en-tête\components\abstract</Filter>
    </ClInclude>
    <ClInclude Include="VRQuaternion.h">
      <Filter>Fichiers d%27en-tête\components\static</Filter>
    </ClInclude>
    <ClInclude Include="..\utilities\utilities.h">
      <Filter>utilities</Filter>
    </ClInclude>
    <ClInclude Include="ComponentReflector.h">
      <Filter>Fichiers d%27en-tête\typeutils</Filter>
    </ClInclude>
    <ClInclude Include="componentHeaders.h">
      <Filter>Fichiers d%27en-tête\components\headers</Filter>
    </ClInclude>
  </ItemGroup>
</Project>