
Microsoft Visual Studio Solution File, Format Version 12.00
# Visual Studio Version 16
VisualStudioVersion = 16.0.31829.152
MinimumVisualStudioVersion = 10.0.40219.1
Project("{8BC9CEB8-8B4A-11D0-8D11-00A0C91BC942}") = "TestApp_ELG_sem2", "TestApp_ELG_sem2\TestApp_ELG_sem2.vcxproj", "{BF1FD01D-0ADA-46AF-8D8D-EB3A6A5C1F94}"
EndProject
Global
	GlobalSection(SolutionConfigurationPlatforms) = preSolution
		Debug|x64 = Debug|x64
		Debug|x86 = Debug|x86
		Release|x64 = Release|x64
		Release|x86 = Release|x86
	EndGlobalSection
	GlobalSection(ProjectConfigurationPlatforms) = postSolution
		{BF1FD01D-0ADA-46AF-8D8D-EB3A6A5C1F94}.Debug|x64.ActiveCfg = Debug|x64
		{BF1FD01D-0ADA-46AF-8D8D-EB3A6A5C1F94}.Debug|x64.Build.0 = Debug|x64
		{BF1FD01D-0ADA-46AF-8D8D-EB3A6A5C1F94}.Debug|x86.ActiveCfg = Debug|Win32
		{BF1FD01D-0ADA-46AF-8D8D-EB3A6A5C1F94}.Debug|x86.Build.0 = Debug|Win32
		{BF1FD01D-0ADA-46AF-8D8D-EB3A6A5C1F94}.Release|x64.ActiveCfg = Release|x64
		{BF1FD01D-0ADA-46AF-8D8D-EB3A6A5C1F94}.Release|x64.Build.0 = Release|x64
		{BF1FD01D-0ADA-46AF-8D8D-EB3A6A5C1F94}.Release|x86.ActiveCfg = Release|Win32
		{BF1FD01D-0ADA-46AF-8D8D-EB3A6A5C1F94}.Release|x86.Build.0 = Release|Win32
	EndGlobalSection
	GlobalSection(SolutionProperties) = preSolution
		HideSolutionNode = FALSE
	EndGlobalSection
	GlobalSection(ExtensibilityGlobals) = postSolution
		SolutionGuid = {772D28D5-1DB4-46FF-8CE0-921F43378268}
	EndGlobalSection
EndGlobal
