
Microsoft Visual Studio Solution File, Format Version 12.00
# Visual Studio Version 17
VisualStudioVersion = 17.1.32210.238
MinimumVisualStudioVersion = 10.0.40219.1
Project("{9A19103F-16F7-4668-BE54-9A1E7A4F7556}") = "CCT_DoMoCap", "CCT_DoMoCap\CCT_DoMoCap.csproj", "{8C698170-5C20-476C-BEED-B03A79279A19}"
	ProjectSection(ProjectDependencies) = postProject
		{7AA27C46-EAC3-478E-B254-D32EEDA385F3} = {7AA27C46-EAC3-478E-B254-D32EEDA385F3}
	EndProjectSection
EndProject
Project("{9A19103F-16F7-4668-BE54-9A1E7A4F7556}") = "RessourcesLibrary", "RessourcesLibrary\RessourcesLibrary.csproj", "{3E0D2683-332A-42AB-ACF5-7423543239F6}"
EndProject
Project("{FAE04EC0-301F-11D3-BF4B-00C04F79EFBC}") = "Model", "Model\Model.csproj", "{7AA27C46-EAC3-478E-B254-D32EEDA385F3}"
EndProject
Global
	GlobalSection(SolutionConfigurationPlatforms) = preSolution
		Debug|Any CPU = Debug|Any CPU
		Release|Any CPU = Release|Any CPU
	EndGlobalSection
	GlobalSection(ProjectConfigurationPlatforms) = postSolution
		{8C698170-5C20-476C-BEED-B03A79279A19}.Debug|Any CPU.ActiveCfg = Debug|Any CPU
		{8C698170-5C20-476C-BEED-B03A79279A19}.Debug|Any CPU.Build.0 = Debug|Any CPU
		{8C698170-5C20-476C-BEED-B03A79279A19}.Release|Any CPU.ActiveCfg = Release|Any CPU
		{8C698170-5C20-476C-BEED-B03A79279A19}.Release|Any CPU.Build.0 = Release|Any CPU
		{3E0D2683-332A-42AB-ACF5-7423543239F6}.Debug|Any CPU.ActiveCfg = Debug|Any CPU
		{3E0D2683-332A-42AB-ACF5-7423543239F6}.Debug|Any CPU.Build.0 = Debug|Any CPU
		{3E0D2683-332A-42AB-ACF5-7423543239F6}.Release|Any CPU.ActiveCfg = Release|Any CPU
		{3E0D2683-332A-42AB-ACF5-7423543239F6}.Release|Any CPU.Build.0 = Release|Any CPU
		{7AA27C46-EAC3-478E-B254-D32EEDA385F3}.Debug|Any CPU.ActiveCfg = Debug|Any CPU
		{7AA27C46-EAC3-478E-B254-D32EEDA385F3}.Debug|Any CPU.Build.0 = Debug|Any CPU
		{7AA27C46-EAC3-478E-B254-D32EEDA385F3}.Release|Any CPU.ActiveCfg = Release|Any CPU
		{7AA27C46-EAC3-478E-B254-D32EEDA385F3}.Release|Any CPU.Build.0 = Release|Any CPU
	EndGlobalSection
	GlobalSection(SolutionProperties) = preSolution
		HideSolutionNode = FALSE
	EndGlobalSection
	GlobalSection(ExtensibilityGlobals) = postSolution
		SolutionGuid = {7088FED9-CEF3-4264-9B65-73ACAD35053A}
	EndGlobalSection
EndGlobal
